
Microsoft Visual Studio Solution File, Format Version 12.00
# Visual Studio Version 17
VisualStudioVersion = 17.7.34031.279
MinimumVisualStudioVersion = 10.0.40219.1
Project("{9A19103F-16F7-4668-BE54-9A1E7A4F7556}") = "Web3_Beadando", "Web3_Beadando.csproj", "{F01609FA-EAC8-4CB7-BA52-B1FE5E4CFC2C}"
EndProject
Global
	GlobalSection(SolutionConfigurationPlatforms) = preSolution
		Debug|Any CPU = Debug|Any CPU
		Release|Any CPU = Release|Any CPU
	EndGlobalSection
	GlobalSection(ProjectConfigurationPlatforms) = postSolution
		{F01609FA-EAC8-4CB7-BA52-B1FE5E4CFC2C}.Debug|Any CPU.ActiveCfg = Debug|Any CPU
		{F01609FA-EAC8-4CB7-BA52-B1FE5E4CFC2C}.Debug|Any CPU.Build.0 = Debug|Any CPU
		{F01609FA-EAC8-4CB7-BA52-B1FE5E4CFC2C}.Release|Any CPU.ActiveCfg = Release|Any CPU
		{F01609FA-EAC8-4CB7-BA52-B1FE5E4CFC2C}.Release|Any CPU.Build.0 = Release|Any CPU
	EndGlobalSection
	GlobalSection(SolutionProperties) = preSolution
		HideSolutionNode = FALSE
	EndGlobalSection
	GlobalSection(ExtensibilityGlobals) = postSolution
		SolutionGuid = {8F21A82B-41DB-42EE-84C3-50ED9F3E6D41}
	EndGlobalSection
EndGlobal
